
Microsoft Visual Studio Solution File, Format Version 12.00
# Visual Studio 2013
VisualStudioVersion = 12.0.31101.0
MinimumVisualStudioVersion = 10.0.40219.1
Project("{F2A71F9B-5D33-465A-A702-920D77279786}") = "Api", "Api\Api.fsproj", "{80D4803C-E03A-451B-BFA6-6D90BBFA0FBA}"
EndProject
Project("{2150E333-8FDC-42A3-9474-1A3956D46DE8}") = ".nuget", ".nuget", "{5B294F7F-D2FC-4AB8-9533-EE5B9772E1CD}"
	ProjectSection(SolutionItems) = preProject
		.nuget\packages.config = .nuget\packages.config
	EndProjectSection
EndProject
Project("{F2A71F9B-5D33-465A-A702-920D77279786}") = "Api.Tests", "Api.Tests\Api.Tests.fsproj", "{581F70DC-3152-4550-B93B-38C1B395D659}"
EndProject
Global
	GlobalSection(SolutionConfigurationPlatforms) = preSolution
		Debug|Any CPU = Debug|Any CPU
		Release|Any CPU = Release|Any CPU
	EndGlobalSection
	GlobalSection(ProjectConfigurationPlatforms) = postSolution
		{80D4803C-E03A-451B-BFA6-6D90BBFA0FBA}.Debug|Any CPU.ActiveCfg = Debug|Any CPU
		{80D4803C-E03A-451B-BFA6-6D90BBFA0FBA}.Debug|Any CPU.Build.0 = Debug|Any CPU
		{80D4803C-E03A-451B-BFA6-6D90BBFA0FBA}.Release|Any CPU.ActiveCfg = Release|Any CPU
		{80D4803C-E03A-451B-BFA6-6D90BBFA0FBA}.Release|Any CPU.Build.0 = Release|Any CPU
		{581F70DC-3152-4550-B93B-38C1B395D659}.Debug|Any CPU.ActiveCfg = Debug|Any CPU
		{581F70DC-3152-4550-B93B-38C1B395D659}.Debug|Any CPU.Build.0 = Debug|Any CPU
		{581F70DC-3152-4550-B93B-38C1B395D659}.Release|Any CPU.ActiveCfg = Release|Any CPU
		{581F70DC-3152-4550-B93B-38C1B395D659}.Release|Any CPU.Build.0 = Release|Any CPU
	EndGlobalSection
	GlobalSection(SolutionProperties) = preSolution
		HideSolutionNode = FALSE
	EndGlobalSection
EndGlobal
